
Microsoft Visual Studio Solution File, Format Version 12.00
# Visual Studio Version 16
VisualStudioVersion = 16.0.30907.101
MinimumVisualStudioVersion = 10.0.40219.1
Project("{FAE04EC0-301F-11D3-BF4B-00C04F79EFBC}") = "Tech-Priest Librarian", "Tech-Priest Librarian\Tech-Priest Librarian.csproj", "{E1CF8CA7-8549-4967-BC65-4C2F0DF12C05}"
EndProject
Global
	GlobalSection(SolutionConfigurationPlatforms) = preSolution
		Debug|Any CPU = Debug|Any CPU
		Release|Any CPU = Release|Any CPU
	EndGlobalSection
	GlobalSection(ProjectConfigurationPlatforms) = postSolution
		{E1CF8CA7-8549-4967-BC65-4C2F0DF12C05}.Debug|Any CPU.ActiveCfg = Debug|Any CPU
		{E1CF8CA7-8549-4967-BC65-4C2F0DF12C05}.Debug|Any CPU.Build.0 = Debug|Any CPU
		{E1CF8CA7-8549-4967-BC65-4C2F0DF12C05}.Release|Any CPU.ActiveCfg = Release|Any CPU
		{E1CF8CA7-8549-4967-BC65-4C2F0DF12C05}.Release|Any CPU.Build.0 = Release|Any CPU
	EndGlobalSection
	GlobalSection(SolutionProperties) = preSolution
		HideSolutionNode = FALSE
	EndGlobalSection
	GlobalSection(ExtensibilityGlobals) = postSolution
		SolutionGuid = {5C1DBB35-35A2-41FB-A8AD-E5A4870F5AC3}
	EndGlobalSection
EndGlobal
